
Microsoft Visual Studio Solution File, Format Version 12.00
# Visual Studio 15
VisualStudioVersion = 15.0.25807.0
MinimumVisualStudioVersion = 10.0.40219.1
Project("{2150E333-8FDC-42A3-9474-1A3956D46DE8}") = "Engine", "Engine", "{BF7FE7B5-3005-4AAE-BDE1-842395E8EF26}"
EndProject
Project("{2150E333-8FDC-42A3-9474-1A3956D46DE8}") = "Games", "Games", "{463B5A42-E766-4C9F-9D42-5225A0C12302}"
EndProject
Project("{8BC9CEB8-8B4A-11D0-8D11-00A0C91BC942}") = "CharacterTest", "Intermediate\ProjectFiles\CharacterTest.vcxproj", "{4C9AED82-41F7-43FE-A8CC-954AC9BB46A6}"
EndProject
Project("{8BC9CEB8-8B4A-11D0-8D11-00A0C91BC942}") = "UE4", "Intermediate\ProjectFiles\UE4.vcxproj", "{0758C46F-43AE-4EAB-8ACD-2A5DB52BDDBC}"
EndProject
Project("{2150E333-8FDC-42A3-9474-1A3956D46DE8}") = "Visualizers", "Visualizers", "{C41563EC-4206-4F69-92C6-4D209F7B9BFE}"
	ProjectSection(SolutionItems) = preProject
		..\UE_4.23\Engine\Extras\VisualStudioDebugging\UE4.natvis = ..\UE_4.23\Engine\Extras\VisualStudioDebugging\UE4.natvis
	EndProjectSection
EndProject
Global
	GlobalSection(SolutionConfigurationPlatforms) = preSolution
		DebugGame Editor|Win32 = DebugGame Editor|Win32
		DebugGame Editor|Win64 = DebugGame Editor|Win64
		DebugGame|Win32 = DebugGame|Win32
		DebugGame|Win64 = DebugGame|Win64
		Development Editor|Win32 = Development Editor|Win32
		Development Editor|Win64 = Development Editor|Win64
		Development|Win32 = Development|Win32
		Development|Win64 = Development|Win64
		Shipping|Win32 = Shipping|Win32
		Shipping|Win64 = Shipping|Win64
	EndGlobalSection
	GlobalSection(ProjectConfigurationPlatforms) = postSolution
		{4C9AED82-41F7-43FE-A8CC-954AC9BB46A6}.DebugGame Editor|Win32.ActiveCfg = Invalid|Win32
		{4C9AED82-41F7-43FE-A8CC-954AC9BB46A6}.DebugGame Editor|Win64.ActiveCfg = DebugGame_Editor|x64
		{4C9AED82-41F7-43FE-A8CC-954AC9BB46A6}.DebugGame Editor|Win64.Build.0 = DebugGame_Editor|x64
		{4C9AED82-41F7-43FE-A8CC-954AC9BB46A6}.DebugGame|Win32.ActiveCfg = DebugGame|Win32
		{4C9AED82-41F7-43FE-A8CC-954AC9BB46A6}.DebugGame|Win32.Build.0 = DebugGame|Win32
		{4C9AED82-41F7-43FE-A8CC-954AC9BB46A6}.DebugGame|Win64.ActiveCfg = DebugGame|x64
		{4C9AED82-41F7-43FE-A8CC-954AC9BB46A6}.DebugGame|Win64.Build.0 = DebugGame|x64
		{4C9AED82-41F7-43FE-A8CC-954AC9BB46A6}.Development Editor|Win32.ActiveCfg = Invalid|Win32
		{4C9AED82-41F7-43FE-A8CC-954AC9BB46A6}.Development Editor|Win64.ActiveCfg = Development_Editor|x64
		{4C9AED82-41F7-43FE-A8CC-954AC9BB46A6}.Development Editor|Win64.Build.0 = Development_Editor|x64
		{4C9AED82-41F7-43FE-A8CC-954AC9BB46A6}.Development|Win32.ActiveCfg = Development|Win32
		{4C9AED82-41F7-43FE-A8CC-954AC9BB46A6}.Development|Win32.Build.0 = Development|Win32
		{4C9AED82-41F7-43FE-A8CC-954AC9BB46A6}.Development|Win64.ActiveCfg = Development|x64
		{4C9AED82-41F7-43FE-A8CC-954AC9BB46A6}.Development|Win64.Build.0 = Development|x64
		{4C9AED82-41F7-43FE-A8CC-954AC9BB46A6}.Shipping|Win32.ActiveCfg = Shipping|Win32
		{4C9AED82-41F7-43FE-A8CC-954AC9BB46A6}.Shipping|Win32.Build.0 = Shipping|Win32
		{4C9AED82-41F7-43FE-A8CC-954AC9BB46A6}.Shipping|Win64.ActiveCfg = Shipping|x64
		{4C9AED82-41F7-43FE-A8CC-954AC9BB46A6}.Shipping|Win64.Build.0 = Shipping|x64
		{0758C46F-43AE-4EAB-8ACD-2A5DB52BDDBC}.DebugGame Editor|Win32.ActiveCfg = BuiltWithUnrealBuildTool|Win32
		{0758C46F-43AE-4EAB-8ACD-2A5DB52BDDBC}.DebugGame Editor|Win64.ActiveCfg = BuiltWithUnrealBuildTool|Win32
		{0758C46F-43AE-4EAB-8ACD-2A5DB52BDDBC}.DebugGame|Win32.ActiveCfg = BuiltWithUnrealBuildTool|Win32
		{0758C46F-43AE-4EAB-8ACD-2A5DB52BDDBC}.DebugGame|Win64.ActiveCfg = BuiltWithUnrealBuildTool|Win32
		{0758C46F-43AE-4EAB-8ACD-2A5DB52BDDBC}.Development Editor|Win32.ActiveCfg = BuiltWithUnrealBuildTool|Win32
		{0758C46F-43AE-4EAB-8ACD-2A5DB52BDDBC}.Development Editor|Win64.ActiveCfg = BuiltWithUnrealBuildTool|Win32
		{0758C46F-43AE-4EAB-8ACD-2A5DB52BDDBC}.Development|Win32.ActiveCfg = BuiltWithUnrealBuildTool|Win32
		{0758C46F-43AE-4EAB-8ACD-2A5DB52BDDBC}.Development|Win64.ActiveCfg = BuiltWithUnrealBuildTool|Win32
		{0758C46F-43AE-4EAB-8ACD-2A5DB52BDDBC}.Shipping|Win32.ActiveCfg = BuiltWithUnrealBuildTool|Win32
		{0758C46F-43AE-4EAB-8ACD-2A5DB52BDDBC}.Shipping|Win64.ActiveCfg = BuiltWithUnrealBuildTool|Win32
	EndGlobalSection
	GlobalSection(SolutionProperties) = preSolution
		HideSolutionNode = FALSE
	EndGlobalSection
	GlobalSection(NestedProjects) = preSolution
		{0758C46F-43AE-4EAB-8ACD-2A5DB52BDDBC} = {BF7FE7B5-3005-4AAE-BDE1-842395E8EF26}
		{4C9AED82-41F7-43FE-A8CC-954AC9BB46A6} = {463B5A42-E766-4C9F-9D42-5225A0C12302}
	EndGlobalSection
EndGlobal
